
Microsoft Visual Studio Solution File, Format Version 12.00
# Visual Studio Version 16
VisualStudioVersion = 16.0.31410.357
MinimumVisualStudioVersion = 10.0.40219.1
Project("{FAE04EC0-301F-11D3-BF4B-00C04F79EFBC}") = "LoadDisplayData", "LoadDisplayData.csproj", "{A903395B-2FD0-43D7-AA01-F10B87B0C1CB}"
EndProject
Global
	GlobalSection(SolutionConfigurationPlatforms) = preSolution
		Debug|Any CPU = Debug|Any CPU
		Release|Any CPU = Release|Any CPU
	EndGlobalSection
	GlobalSection(ProjectConfigurationPlatforms) = postSolution
		{A903395B-2FD0-43D7-AA01-F10B87B0C1CB}.Debug|Any CPU.ActiveCfg = Debug|Any CPU
		{A903395B-2FD0-43D7-AA01-F10B87B0C1CB}.Debug|Any CPU.Build.0 = Debug|Any CPU
		{A903395B-2FD0-43D7-AA01-F10B87B0C1CB}.Release|Any CPU.ActiveCfg = Release|Any CPU
		{A903395B-2FD0-43D7-AA01-F10B87B0C1CB}.Release|Any CPU.Build.0 = Release|Any CPU
	EndGlobalSection
	GlobalSection(SolutionProperties) = preSolution
		HideSolutionNode = FALSE
	EndGlobalSection
	GlobalSection(ExtensibilityGlobals) = postSolution
		SolutionGuid = {088E3989-2AF8-4F67-BC94-13BD07742E5B}
	EndGlobalSection
EndGlobal
